
Microsoft Visual Studio Solution File, Format Version 12.00
# Visual Studio 15
VisualStudioVersion = 15.0.28307.852
MinimumVisualStudioVersion = 10.0.40219.1
Project("{FAE04EC0-301F-11D3-BF4B-00C04F79EFBC}") = "XmlSerialization", "XmlSerialization\XmlSerialization.csproj", "{B8FB7199-B1F0-4936-958E-C213DC625995}"
EndProject
Global
	GlobalSection(SolutionConfigurationPlatforms) = preSolution
		Debug|Any CPU = Debug|Any CPU
		Release|Any CPU = Release|Any CPU
	EndGlobalSection
	GlobalSection(ProjectConfigurationPlatforms) = postSolution
		{B8FB7199-B1F0-4936-958E-C213DC625995}.Debug|Any CPU.ActiveCfg = Debug|Any CPU
		{B8FB7199-B1F0-4936-958E-C213DC625995}.Debug|Any CPU.Build.0 = Debug|Any CPU
		{B8FB7199-B1F0-4936-958E-C213DC625995}.Release|Any CPU.ActiveCfg = Release|Any CPU
		{B8FB7199-B1F0-4936-958E-C213DC625995}.Release|Any CPU.Build.0 = Release|Any CPU
	EndGlobalSection
	GlobalSection(SolutionProperties) = preSolution
		HideSolutionNode = FALSE
	EndGlobalSection
	GlobalSection(ExtensibilityGlobals) = postSolution
		SolutionGuid = {86907DF5-B42D-47F7-80D2-541A0A4A3BE2}
	EndGlobalSection
EndGlobal
