
Microsoft Visual Studio Solution File, Format Version 12.00
# Visual Studio 2012
Project("{FAE04EC0-301F-11D3-BF4B-00C04F79EFBC}") = "AOP编程实力一", "AOP编程实力一\AOP编程实力一.csproj", "{A1FDC3E7-AC5F-434C-8DE7-72050C84D94E}"
EndProject
Global
	GlobalSection(SolutionConfigurationPlatforms) = preSolution
		Debug|Any CPU = Debug|Any CPU
		Release|Any CPU = Release|Any CPU
	EndGlobalSection
	GlobalSection(ProjectConfigurationPlatforms) = postSolution
		{A1FDC3E7-AC5F-434C-8DE7-72050C84D94E}.Debug|Any CPU.ActiveCfg = Debug|Any CPU
		{A1FDC3E7-AC5F-434C-8DE7-72050C84D94E}.Debug|Any CPU.Build.0 = Debug|Any CPU
		{A1FDC3E7-AC5F-434C-8DE7-72050C84D94E}.Release|Any CPU.ActiveCfg = Release|Any CPU
		{A1FDC3E7-AC5F-434C-8DE7-72050C84D94E}.Release|Any CPU.Build.0 = Release|Any CPU
	EndGlobalSection
	GlobalSection(SolutionProperties) = preSolution
		HideSolutionNode = FALSE
	EndGlobalSection
EndGlobal
